# This file is automatically @generated by Cargo.
# It is not intended for manual editing.
version = 4

[[package]]
name = "color_quant"
version = "1.1.0"
source = "registry+https://github.com/rust-lang/crates.io-index"
checksum = "3d7b894f5411737b7867f4827955924d7c254fc9f4d91a6aad6b097804b1018b"

[[package]]
name = "gif"
version = "0.14.1"
source = "registry+https://github.com/rust-lang/crates.io-index"
checksum = "f5df2ba84018d80c213569363bdcd0c64e6933c67fe4c1d60ecf822971a3c35e"
dependencies = [
 "color_quant",
 "weezl",
]

[[package]]
name = "gif-compressor"
version = "0.1.0"
dependencies = [
 "gif",
 "rustc-hash",
]

[[package]]
name = "rustc-hash"
version = "2.1.1"
source = "registry+https://github.com/rust-lang/crates.io-index"
checksum = "357703d41365b4b27c590e3ed91eabb1b663f07c4c084095e60cbed4362dff0d"

[[package]]
name = "weezl"
version = "0.1.12"
source = "registry+https://github.com/rust-lang/crates.io-index"
checksum = "a28ac98ddc8b9274cb41bb4d9d4d5c425b6020c50c46f25559911905610b4a88"
